{
  "name": "root",
  "requires": true,
  "lockfileVersion": 1,
  "dependencies": {
    "@cool-cli/core": {
      "version": "0.0.3",
      "resolved": "https://registry.npmjs.org/@cool-cli/core/-/core-0.0.3.tgz",
      "integrity": "sha512-ei2cWJtgW2gT43ZjALlxi5V5SQNVpuuXdo8/ZZVG/pxn79DBeGT3XyTjyEQBdgn82V9mDXuWXj21v8K4PqfYZw=="
    }
  }
}
